
Microsoft Visual Studio Solution File, Format Version 12.00
# Visual Studio Version 16
VisualStudioVersion = 16.0.31605.320
MinimumVisualStudioVersion = 10.0.40219.1
Project("{FAE04EC0-301F-11D3-BF4B-00C04F79EFBC}") = "Iconabledemo", "Iconabledemo\Iconabledemo.csproj", "{1A15C307-5F42-4EC2-9DAF-E19A74FE93B0}"
EndProject
Global
	GlobalSection(SolutionConfigurationPlatforms) = preSolution
		Debug|Any CPU = Debug|Any CPU
		Release|Any CPU = Release|Any CPU
	EndGlobalSection
	GlobalSection(ProjectConfigurationPlatforms) = postSolution
		{1A15C307-5F42-4EC2-9DAF-E19A74FE93B0}.Debug|Any CPU.ActiveCfg = Debug|Any CPU
		{1A15C307-5F42-4EC2-9DAF-E19A74FE93B0}.Debug|Any CPU.Build.0 = Debug|Any CPU
		{1A15C307-5F42-4EC2-9DAF-E19A74FE93B0}.Release|Any CPU.ActiveCfg = Release|Any CPU
		{1A15C307-5F42-4EC2-9DAF-E19A74FE93B0}.Release|Any CPU.Build.0 = Release|Any CPU
	EndGlobalSection
	GlobalSection(SolutionProperties) = preSolution
		HideSolutionNode = FALSE
	EndGlobalSection
	GlobalSection(ExtensibilityGlobals) = postSolution
		SolutionGuid = {8EA8DD5B-0350-4D52-9139-C0504D81A1E9}
	EndGlobalSection
EndGlobal
